
Microsoft Visual Studio Solution File, Format Version 12.00
# Visual Studio 15
VisualStudioVersion = 15.0.28307.421
MinimumVisualStudioVersion = 10.0.40219.1
Project("{FAE04EC0-301F-11D3-BF4B-00C04F79EFBC}") = "QuotationApp", "QuotationApp\QuotationApp.csproj", "{54DFA1A8-FF85-4E7F-99F2-1A2AFCD23F8D}"
EndProject
Global
	GlobalSection(SolutionConfigurationPlatforms) = preSolution
		Debug|Any CPU = Debug|Any CPU
		Release|Any CPU = Release|Any CPU
	EndGlobalSection
	GlobalSection(ProjectConfigurationPlatforms) = postSolution
		{54DFA1A8-FF85-4E7F-99F2-1A2AFCD23F8D}.Debug|Any CPU.ActiveCfg = Debug|Any CPU
		{54DFA1A8-FF85-4E7F-99F2-1A2AFCD23F8D}.Debug|Any CPU.Build.0 = Debug|Any CPU
		{54DFA1A8-FF85-4E7F-99F2-1A2AFCD23F8D}.Release|Any CPU.ActiveCfg = Release|Any CPU
		{54DFA1A8-FF85-4E7F-99F2-1A2AFCD23F8D}.Release|Any CPU.Build.0 = Release|Any CPU
	EndGlobalSection
	GlobalSection(SolutionProperties) = preSolution
		HideSolutionNode = FALSE
	EndGlobalSection
	GlobalSection(ExtensibilityGlobals) = postSolution
		SolutionGuid = {6F824063-EB0D-460E-B23A-221523B626EC}
	EndGlobalSection
EndGlobal
